
Microsoft Visual Studio Solution File, Format Version 12.00
# Visual Studio Version 16
VisualStudioVersion = 16.0.31702.278
MinimumVisualStudioVersion = 10.0.40219.1
Project("{2150E333-8FDC-42A3-9474-1A3956D46DE8}") = "src", "src", "{46793E2E-5CBF-45FA-A99D-AC5CCD748A74}"
EndProject
Project("{FAE04EC0-301F-11D3-BF4B-00C04F79EFBC}") = "ApplicationCore", "src\ApplicationCore\ApplicationCore.csproj", "{B6ABE7FD-FA83-4DDA-9C44-3584A03DD606}"
EndProject
Project("{FAE04EC0-301F-11D3-BF4B-00C04F79EFBC}") = "Infrastructure", "src\Infrastructure\Infrastructure.csproj", "{290FF43D-35BF-4DE3-81EF-DA0662891277}"
EndProject
Project("{FAE04EC0-301F-11D3-BF4B-00C04F79EFBC}") = "WebAPI", "src\WebAPI\WebAPI.csproj", "{C9F70795-9F9F-45B0-9AF1-792D76441387}"
EndProject
Global
	GlobalSection(SolutionConfigurationPlatforms) = preSolution
		Debug|Any CPU = Debug|Any CPU
		Release|Any CPU = Release|Any CPU
	EndGlobalSection
	GlobalSection(ProjectConfigurationPlatforms) = postSolution
		{B6ABE7FD-FA83-4DDA-9C44-3584A03DD606}.Debug|Any CPU.ActiveCfg = Debug|Any CPU
		{B6ABE7FD-FA83-4DDA-9C44-3584A03DD606}.Debug|Any CPU.Build.0 = Debug|Any CPU
		{B6ABE7FD-FA83-4DDA-9C44-3584A03DD606}.Release|Any CPU.ActiveCfg = Release|Any CPU
		{B6ABE7FD-FA83-4DDA-9C44-3584A03DD606}.Release|Any CPU.Build.0 = Release|Any CPU
		{290FF43D-35BF-4DE3-81EF-DA0662891277}.Debug|Any CPU.ActiveCfg = Debug|Any CPU
		{290FF43D-35BF-4DE3-81EF-DA0662891277}.Debug|Any CPU.Build.0 = Debug|Any CPU
		{290FF43D-35BF-4DE3-81EF-DA0662891277}.Release|Any CPU.ActiveCfg = Release|Any CPU
		{290FF43D-35BF-4DE3-81EF-DA0662891277}.Release|Any CPU.Build.0 = Release|Any CPU
		{C9F70795-9F9F-45B0-9AF1-792D76441387}.Debug|Any CPU.ActiveCfg = Debug|Any CPU
		{C9F70795-9F9F-45B0-9AF1-792D76441387}.Debug|Any CPU.Build.0 = Debug|Any CPU
		{C9F70795-9F9F-45B0-9AF1-792D76441387}.Release|Any CPU.ActiveCfg = Release|Any CPU
		{C9F70795-9F9F-45B0-9AF1-792D76441387}.Release|Any CPU.Build.0 = Release|Any CPU
	EndGlobalSection
	GlobalSection(SolutionProperties) = preSolution
		HideSolutionNode = FALSE
	EndGlobalSection
	GlobalSection(NestedProjects) = preSolution
		{B6ABE7FD-FA83-4DDA-9C44-3584A03DD606} = {46793E2E-5CBF-45FA-A99D-AC5CCD748A74}
		{290FF43D-35BF-4DE3-81EF-DA0662891277} = {46793E2E-5CBF-45FA-A99D-AC5CCD748A74}
		{C9F70795-9F9F-45B0-9AF1-792D76441387} = {46793E2E-5CBF-45FA-A99D-AC5CCD748A74}
	EndGlobalSection
	GlobalSection(ExtensibilityGlobals) = postSolution
		SolutionGuid = {7B2BB748-237C-43B8-B442-BFBCD727E444}
	EndGlobalSection
EndGlobal
